# This file is autogenerated, do not edit; changes may be undone by the next 'dep ensure'.


[[projects]]
  name = "github.com/buger/goterm"
  packages = ["."]
  revision = "c206103e1f37c0c6c5c039706305ea2aa6e8ad3b"

[[projects]]
  branch = "master"
  name = "golang.org/x/sys"
  packages = ["unix"]
  revision = "983097b1a8a340cd1cc7df17d735154d89e10b1a"

[solve-meta]
  analyzer-name = "dep"
  analyzer-version = 1
  inputs-digest = "96b879cb8a054c7bad8b6b112426930410ecfaebfbbcca9f2fdea29133475f3f"
  solver-name = "gps-cdcl"
  solver-version = 1
